// !$*UTF8*$!
{
	archiveVersion = 1;
	classes = {
	};
	objectVersion = 56;
	objects = {

/* Begin PBXBuildFile section */
		B06ED88E2AD2D87D001C2D52 /* PresentMeApp.swift in Sources */ = {isa = PBXBuildFile; fileRef = B06ED88D2AD2D87D001C2D52 /* PresentMeApp.swift */; };
		B06ED8902AD2D87D001C2D52 /* ContentView.swift in Sources */ = {isa = PBXBuildFile; fileRef = B06ED88F2AD2D87D001C2D52 /* ContentView.swift */; };
		B06ED8922AD2D87F001C2D52 /* Assets.xcassets in Resources */ = {isa = PBXBuildFile; fileRef = B06ED8912AD2D87F001C2D52 /* Assets.xcassets */; };
		B06ED8952AD2D87F001C2D52 /* Preview Assets.xcassets in Resources */ = {isa = PBXBuildFile; fileRef = B06ED8942AD2D87F001C2D52 /* Preview Assets.xcassets */; };
		B06ED89F2AD2D880001C2D52 /* PresentMeTests.swift in Sources */ = {isa = PBXBuildFile; fileRef = B06ED89E2AD2D880001C2D52 /* PresentMeTests.swift */; };
		B06ED8A92AD2D880001C2D52 /* PresentMeUITests.swift in Sources */ = {isa = PBXBuildFile; fileRef = B06ED8A82AD2D880001C2D52 /* PresentMeUITests.swift */; };
		B06ED8AB2AD2D880001C2D52 /* PresentMeUITestsLaunchTests.swift in Sources */ = {isa = PBXBuildFile; fileRef = B06ED8AA2AD2D880001C2D52 /* PresentMeUITestsLaunchTests.swift */; };
/* End PBXBuildFile section */

/* Begin PBXContainerItemProxy section */
		B06ED89B2AD2D880001C2D52 /* PBXContainerItemProxy */ = {
			isa = PBXContainerItemProxy;
			containerPortal = B06ED8822AD2D87D001C2D52 /* Project object */;
			proxyType = 1;
			remoteGlobalIDString = B06ED8892AD2D87D001C2D52;
			remoteInfo = PresentMe;
		};
		B06ED8A52AD2D880001C2D52 /* PBXContainerItemProxy */ = {
			isa = PBXContainerItemProxy;
			containerPortal = B06ED8822AD2D87D001C2D52 /* Project object */;
			proxyType = 1;
			remoteGlobalIDString = B06ED8892AD2D87D001C2D52;
			remoteInfo = PresentMe;
		};
/* End PBXContainerItemProxy section */

/* Begin PBXFileReference section */
		B06ED88A2AD2D87D001C2D52 /* PresentMe.app */ = {isa = PBXFileReference; explicitFileType = wrapper.application; includeInIndex = 0; path = PresentMe.app; sourceTree = BUILT_PRODUCTS_DIR; };
		B06ED88D2AD2D87D001C2D52 /* PresentMeApp.swift */ = {isa = PBXFileReference; lastKnownFileType = sourcecode.swift; path = PresentMeApp.swift; sourceTree = "<group>"; };
		B06ED88F2AD2D87D001C2D52 /* ContentView.swift */ = {isa = PBXFileReference; lastKnownFileType = sourcecode.swift; path = ContentView.swift; sourceTree = "<group>"; };
		B06ED8912AD2D87F001C2D52 /* Assets.xcassets */ = {isa = PBXFileReference; lastKnownFileType = folder.assetcatalog; path = Assets.xcassets; sourceTree = "<group>"; };
		B06ED8942AD2D87F001C2D52 /* Preview Assets.xcassets */ = {isa = PBXFileReference; lastKnownFileType = folder.assetcatalog; path = "Preview Assets.xcassets"; sourceTree = "<group>"; };
		B06ED89A2AD2D880001C2D52 /* PresentMeTests.xctest */ = {isa = PBXFileReference; explicitFileType = wrapper.cfbundle; includeInIndex = 0; path = PresentMeTests.xctest; sourceTree = BUILT_PRODUCTS_DIR; };
		B06ED89E2AD2D880001C2D52 /* PresentMeTests.swift */ = {isa = PBXFileReference; lastKnownFileType = sourcecode.swift; path = PresentMeTests.swift; sourceTree = "<group>"; };
		B06ED8A42AD2D880001C2D52 /* PresentMeUITests.xctest */ = {isa = PBXFileReference; explicitFileType = wrapper.cfbundle; includeInIndex = 0; path = PresentMeUITests.xctest; sourceTree = BUILT_PRODUCTS_DIR; };
		B06ED8A82AD2D880001C2D52 /* PresentMeUITests.swift */ = {isa = PBXFileReference; lastKnownFileType = sourcecode.swift; path = PresentMeUITests.swift; sourceTree = "<group>"; };
		B06ED8AA2AD2D880001C2D52 /* PresentMeUITestsLaunchTests.swift */ = {isa = PBXFileReference; lastKnownFileType = sourcecode.swift; path = PresentMeUITestsLaunchTests.swift; sourceTree = "<group>"; };
/* End PBXFileReference section */

/* Begin PBXFrameworksBuildPhase section */
		B06ED8872AD2D87D001C2D52 /* Frameworks */ = {
			isa = PBXFrameworksBuildPhase;
			buildActionMask = 2147483647;
			files = (
			);
			runOnlyForDeploymentPostprocessing = 0;
		};
		B06ED8972AD2D880001C2D52 /* Frameworks */ = {
			isa = PBXFrameworksBuildPhase;
			buildActionMask = 2147483647;
			files = (
			);
			runOnlyForDeploymentPostprocessing = 0;
		};
		B06ED8A12AD2D880001C2D52 /* Frameworks */ = {
			isa = PBXFrameworksBuildPhase;
			buildActionMask = 2147483647;
			files = (
			);
			runOnlyForDeploymentPostprocessing = 0;
		};
/* End PBXFrameworksBuildPhase section */

/* Begin PBXGroup section */
		B06ED8812AD2D87D001C2D52 = {
			isa = PBXGroup;
			children = (
				B06ED88C2AD2D87D001C2D52 /* PresentMe */,
				B06ED89D2AD2D880001C2D52 /* PresentMeTests */,
				B06ED8A72AD2D880001C2D52 /* PresentMeUITests */,
				B06ED88B2AD2D87D001C2D52 /* Products */,
			);
			sourceTree = "<group>";
		};
		B06ED88B2AD2D87D001C2D52 /* Products */ = {
			isa = PBXGroup;
			children = (
				B06ED88A2AD2D87D001C2D52 /* PresentMe.app */,
				B06ED89A2AD2D880001C2D52 /* PresentMeTests.xctest */,
				B06ED8A42AD2D880001C2D52 /* PresentMeUITests.xctest */,
			);
			name = Products;
			sourceTree = "<group>";
		};
		B06ED88C2AD2D87D001C2D52 /* PresentMe */ = {
			isa = PBXGroup;
			children = (
				B06ED88D2AD2D87D001C2D52 /* PresentMeApp.swift */,
				B06ED88F2AD2D87D001C2D52 /* ContentView.swift */,
				B06ED8912AD2D87F001C2D52 /* Assets.xcassets */,
				B06ED8932AD2D87F001C2D52 /* Preview Content */,
			);
			path = PresentMe;
			sourceTree = "<group>";
		};
		B06ED8932AD2D87F001C2D52 /* Preview Content */ = {
			isa = PBXGroup;
			children = (
				B06ED8942AD2D87F001C2D52 /* Preview Assets.xcassets */,
			);
			path = "Preview Content";
			sourceTree = "<group>";
		};
		B06ED89D2AD2D880001C2D52 /* PresentMeTests */ = {
			isa = PBXGroup;
			children = (
				B06ED89E2AD2D880001C2D52 /* PresentMeTests.swift */,
			);
			path = PresentMeTests;
			sourceTree = "<group>";
		};
		B06ED8A72AD2D880001C2D52 /* PresentMeUITests */ = {
			isa = PBXGroup;
			children = (
				B06ED8A82AD2D880001C2D52 /* PresentMeUITests.swift */,
				B06ED8AA2AD2D880001C2D52 /* PresentMeUITestsLaunchTests.swift */,
			);
			path = PresentMeUITests;
			sourceTree = "<group>";
		};
/* End PBXGroup section */

/* Begin PBXNativeTarget section */
		B06ED8892AD2D87D001C2D52 /* PresentMe */ = {
			isa = PBXNativeTarget;
			buildConfigurationList = B06ED8AE2AD2D880001C2D52 /* Build configuration list for PBXNativeTarget "PresentMe" */;
			buildPhases = (
				B06ED8862AD2D87D001C2D52 /* Sources */,
				B06ED8872AD2D87D001C2D52 /* Frameworks */,
				B06ED8882AD2D87D001C2D52 /* Resources */,
			);
			buildRules = (
			);
			dependencies = (
			);
			name = PresentMe;
			productName = PresentMe;
			productReference = B06ED88A2AD2D87D001C2D52 /* PresentMe.app */;
			productType = "com.apple.product-type.application";
		};
		B06ED8992AD2D880001C2D52 /* PresentMeTests */ = {
			isa = PBXNativeTarget;
			buildConfigurationList = B06ED8B12AD2D880001C2D52 /* Build configuration list for PBXNativeTarget "PresentMeTests" */;
			buildPhases = (
				B06ED8962AD2D880001C2D52 /* Sources */,
				B06ED8972AD2D880001C2D52 /* Frameworks */,
				B06ED8982AD2D880001C2D52 /* Resources */,
			);
			buildRules = (
			);
			dependencies = (
				B06ED89C2AD2D880001C2D52 /* PBXTargetDependency */,
			);
			name = PresentMeTests;
			productName = PresentMeTests;
			productReference = B06ED89A2AD2D880001C2D52 /* PresentMeTests.xctest */;
			productType = "com.apple.product-type.bundle.unit-test";
		};
		B06ED8A32AD2D880001C2D52 /* PresentMeUITests */ = {
			isa = PBXNativeTarget;
			buildConfigurationList = B06ED8B42AD2D880001C2D52 /* Build configuration list for PBXNativeTarget "PresentMeUITests" */;
			buildPhases = (
				B06ED8A02AD2D880001C2D52 /* Sources */,
				B06ED8A12AD2D880001C2D52 /* Frameworks */,
				B06ED8A22AD2D880001C2D52 /* Resources */,
			);
			buildRules = (
			);
			dependencies = (
				B06ED8A62AD2D880001C2D52 /* PBXTargetDependency */,
			);
			name = PresentMeUITests;
			productName = PresentMeUITests;
			productReference = B06ED8A42AD2D880001C2D52 /* PresentMeUITests.xctest */;
			productType = "com.apple.product-type.bundle.ui-testing";
		};
/* End PBXNativeTarget section */

/* Begin PBXProject section */
		B06ED8822AD2D87D001C2D52 /* Project object */ = {
			isa = PBXProject;
			attributes = {
				BuildIndependentTargetsInParallel = 1;
				LastSwiftUpdateCheck = 1500;
				LastUpgradeCheck = 1500;
				TargetAttributes = {
					B06ED8892AD2D87D001C2D52 = {
						CreatedOnToolsVersion = 15.0;
					};
					B06ED8992AD2D880001C2D52 = {
						CreatedOnToolsVersion = 15.0;
						TestTargetID = B06ED8892AD2D87D001C2D52;
					};
					B06ED8A32AD2D880001C2D52 = {
						CreatedOnToolsVersion = 15.0;
						TestTargetID = B06ED8892AD2D87D001C2D52;
					};
				};
			};
			buildConfigurationList = B06ED8852AD2D87D001C2D52 /* Build configuration list for PBXProject "PresentMe" */;
			compatibilityVersion = "Xcode 14.0";
			developmentRegion = en;
			hasScannedForEncodings = 0;
			knownRegions = (
				en,
				Base,
			);
			mainGroup = B06ED8812AD2D87D001C2D52;
			productRefGroup = B06ED88B2AD2D87D001C2D52 /* Products */;
			projectDirPath = "";
			projectRoot = "";
			targets = (
				B06ED8892AD2D87D001C2D52 /* PresentMe */,
				B06ED8992AD2D880001C2D52 /* PresentMeTests */,
				B06ED8A32AD2D880001C2D52 /* PresentMeUITests */,
			);
		};
/* End PBXProject section */

/* Begin PBXResourcesBuildPhase section */
		B06ED8882AD2D87D001C2D52 /* Resources */ = {
			isa = PBXResourcesBuildPhase;
			buildActionMask = 2147483647;
			files = (
				B06ED8952AD2D87F001C2D52 /* Preview Assets.xcassets in Resources */,
				B06ED8922AD2D87F001C2D52 /* Assets.xcassets in Resources */,
			);
			runOnlyForDeploymentPostprocessing = 0;
		};
		B06ED8982AD2D880001C2D52 /* Resources */ = {
			isa = PBXResourcesBuildPhase;
			buildActionMask = 2147483647;
			files = (
			);
			runOnlyForDeploymentPostprocessing = 0;
		};
		B06ED8A22AD2D880001C2D52 /* Resources */ = {
			isa = PBXResourcesBuildPhase;
			buildActionMask = 2147483647;
			files = (
			);
			runOnlyForDeploymentPostprocessing = 0;
		};
/* End PBXResourcesBuildPhase section */

/* Begin PBXSourcesBuildPhase section */
		B06ED8862AD2D87D001C2D52 /* Sources */ = {
			isa = PBXSourcesBuildPhase;
			buildActionMask = 2147483647;
			files = (
				B06ED8902AD2D87D001C2D52 /* ContentView.swift in Sources */,
				B06ED88E2AD2D87D001C2D52 /* PresentMeApp.swift in Sources */,
			);
			runOnlyForDeploymentPostprocessing = 0;
		};
		B06ED8962AD2D880001C2D52 /* Sources */ = {
			isa = PBXSourcesBuildPhase;
			buildActionMask = 2147483647;
			files = (
				B06ED89F2AD2D880001C2D52 /* PresentMeTests.swift in Sources */,
			);
			runOnlyForDeploymentPostprocessing = 0;
		};
		B06ED8A02AD2D880001C2D52 /* Sources */ = {
			isa = PBXSourcesBuildPhase;
			buildActionMask = 2147483647;
			files = (
				B06ED8AB2AD2D880001C2D52 /* PresentMeUITestsLaunchTests.swift in Sources */,
				B06ED8A92AD2D880001C2D52 /* PresentMeUITests.swift in Sources */,
			);
			runOnlyForDeploymentPostprocessing = 0;
		};
/* End PBXSourcesBuildPhase section */

/* Begin PBXTargetDependency section */
		B06ED89C2AD2D880001C2D52 /* PBXTargetDependency */ = {
			isa = PBXTargetDependency;
			target = B06ED8892AD2D87D001C2D52 /* PresentMe */;
			targetProxy = B06ED89B2AD2D880001C2D52 /* PBXContainerItemProxy */;
		};
		B06ED8A62AD2D880001C2D52 /* PBXTargetDependency */ = {
			isa = PBXTargetDependency;
			target = B06ED8892AD2D87D001C2D52 /* PresentMe */;
			targetProxy = B06ED8A52AD2D880001C2D52 /* PBXContainerItemProxy */;
		};
/* End PBXTargetDependency section */

/* Begin XCBuildConfiguration section */
		B06ED8AC2AD2D880001C2D52 /* Debug */ = {
			isa = XCBuildConfiguration;
			buildSettings = {
				ALWAYS_SEARCH_USER_PATHS = NO;
				ASSETCATALOG_COMPILER_GENERATE_SWIFT_ASSET_SYMBOL_EXTENSIONS = YES;
				CLANG_ANALYZER_NONNULL = YES;
				CLANG_ANALYZER_NUMBER_OBJECT_CONVERSION = YES_AGGRESSIVE;
				CLANG_CXX_LANGUAGE_STANDARD = "gnu++20";
				CLANG_ENABLE_MODULES = YES;
				CLANG_ENABLE_OBJC_ARC = YES;
				CLANG_ENABLE_OBJC_WEAK = YES;
				CLANG_WARN_BLOCK_CAPTURE_AUTORELEASING = YES;
				CLANG_WARN_BOOL_CONVERSION = YES;
				CLANG_WARN_COMMA = YES;
				CLANG_WARN_CONSTANT_CONVERSION = YES;
				CLANG_WARN_DEPRECATED_OBJC_IMPLEMENTATIONS = YES;
				CLANG_WARN_DIRECT_OBJC_ISA_USAGE = YES_ERROR;
				CLANG_WARN_DOCUMENTATION_COMMENTS = YES;
				CLANG_WARN_EMPTY_BODY = YES;
				CLANG_WARN_ENUM_CONVERSION = YES;
				CLANG_WARN_INFINITE_RECURSION = YES;
				CLANG_WARN_INT_CONVERSION = YES;
				CLANG_WARN_NON_LITERAL_NULL_CONVERSION = YES;
				CLANG_WARN_OBJC_IMPLICIT_RETAIN_SELF = YES;
				CLANG_WARN_OBJC_LITERAL_CONVERSION = YES;
				CLANG_WARN_OBJC_ROOT_CLASS = YES_ERROR;
				CLANG_WARN_QUOTED_INCLUDE_IN_FRAMEWORK_HEADER = YES;
				CLANG_WARN_RANGE_LOOP_ANALYSIS = YES;
				CLANG_WARN_STRICT_PROTOTYPES = YES;
				CLANG_WARN_SUSPICIOUS_MOVE = YES;
				CLANG_WARN_UNGUARDED_AVAILABILITY = YES_AGGRESSIVE;
				CLANG_WARN_UNREACHABLE_CODE = YES;
				CLANG_WARN__DUPLICATE_METHOD_MATCH = YES;
				COPY_PHASE_STRIP = NO;
				DEBUG_INFORMATION_FORMAT = dwarf;
				ENABLE_STRICT_OBJC_MSGSEND = YES;
				ENABLE_TESTABILITY = YES;
				ENABLE_USER_SCRIPT_SANDBOXING = YES;
				GCC_C_LANGUAGE_STANDARD = gnu17;
				GCC_DYNAMIC_NO_PIC = NO;
				GCC_NO_COMMON_BLOCKS = YES;
				GCC_OPTIMIZATION_LEVEL = 0;
				GCC_PREPROCESSOR_DEFINITIONS = (
					"DEBUG=1",
					"$(inherited)",
				);
				GCC_WARN_64_TO_32_BIT_CONVERSION = YES;
				GCC_WARN_ABOUT_RETURN_TYPE = YES_ERROR;
				GCC_WARN_UNDECLARED_SELECTOR = YES;
				GCC_WARN_UNINITIALIZED_AUTOS = YES_AGGRESSIVE;
				GCC_WARN_UNUSED_FUNCTION = YES;
				GCC_WARN_UNUSED_VARIABLE = YES;
				IPHONEOS_DEPLOYMENT_TARGET = 17.0;
				LOCALIZATION_PREFERS_STRING_CATALOGS = YES;
				MTL_ENABLE_DEBUG_INFO = INCLUDE_SOURCE;
				MTL_FAST_MATH = YES;
				ONLY_ACTIVE_ARCH = YES;
				SDKROOT = iphoneos;
				SWIFT_ACTIVE_COMPILATION_CONDITIONS = "DEBUG $(inherited)";
				SWIFT_OPTIMIZATION_LEVEL = "-Onone";
			};
			name = Debug;
		};
		B06ED8AD2AD2D880001C2D52 /* Release */ = {
			isa = XCBuildConfiguration;
			buildSettings = {
				ALWAYS_SEARCH_USER_PATHS = NO;
				ASSETCATALOG_COMPILER_GENERATE_SWIFT_ASSET_SYMBOL_EXTENSIONS = YES;
				CLANG_ANALYZER_NONNULL = YES;
				CLANG_ANALYZER_NUMBER_OBJECT_CONVERSION = YES_AGGRESSIVE;
				CLANG_CXX_LANGUAGE_STANDARD = "gnu++20";
				CLANG_ENABLE_MODULES = YES;
				CLANG_ENABLE_OBJC_ARC = YES;
				CLANG_ENABLE_OBJC_WEAK = YES;
				CLANG_WARN_BLOCK_CAPTURE_AUTORELEASING = YES;
				CLANG_WARN_BOOL_CONVERSION = YES;
				CLANG_WARN_COMMA = YES;
				CLANG_WARN_CONSTANT_CONVERSION = YES;
				CLANG_WARN_DEPRECATED_OBJC_IMPLEMENTATIONS = YES;
				CLANG_WARN_DIRECT_OBJC_ISA_USAGE = YES_ERROR;
				CLANG_WARN_DOCUMENTATION_COMMENTS = YES;
				CLANG_WARN_EMPTY_BODY = YES;
				CLANG_WARN_ENUM_CONVERSION = YES;
				CLANG_WARN_INFINITE_RECURSION = YES;
				CLANG_WARN_INT_CONVERSION = YES;
				CLANG_WARN_NON_LITERAL_NULL_CONVERSION = YES;
				CLANG_WARN_OBJC_IMPLICIT_RETAIN_SELF = YES;
				CLANG_WARN_OBJC_LITERAL_CONVERSION = YES;
				CLANG_WARN_OBJC_ROOT_CLASS = YES_ERROR;
				CLANG_WARN_QUOTED_INCLUDE_IN_FRAMEWORK_HEADER = YES;
				CLANG_WARN_RANGE_LOOP_ANALYSIS = YES;
				CLANG_WARN_STRICT_PROTOTYPES = YES;
				CLANG_WARN_SUSPICIOUS_MOVE = YES;
				CLANG_WARN_UNGUARDED_AVAILABILITY = YES_AGGRESSIVE;
				CLANG_WARN_UNREACHABLE_CODE = YES;
				CLANG_WARN__DUPLICATE_METHOD_MATCH = YES;
				COPY_PHASE_STRIP = NO;
				DEBUG_INFORMATION_FORMAT = "dwarf-with-dsym";
				ENABLE_NS_ASSERTIONS = NO;
				ENABLE_STRICT_OBJC_MSGSEND = YES;
				ENABLE_USER_SCRIPT_SANDBOXING = YES;
				GCC_C_LANGUAGE_STANDARD = gnu17;
				GCC_NO_COMMON_BLOCKS = YES;
				GCC_WARN_64_TO_32_BIT_CONVERSION = YES;
				GCC_WARN_ABOUT_RETURN_TYPE = YES_ERROR;
				GCC_WARN_UNDECLARED_SELECTOR = YES;
				GCC_WARN_UNINITIALIZED_AUTOS = YES_AGGRESSIVE;
				GCC_WARN_UNUSED_FUNCTION = YES;
				GCC_WARN_UNUSED_VARIABLE = YES;
				IPHONEOS_DEPLOYMENT_TARGET = 17.0;
				LOCALIZATION_PREFERS_STRING_CATALOGS = YES;
				MTL_ENABLE_DEBUG_INFO = NO;
				MTL_FAST_MATH = YES;
				SDKROOT = iphoneos;
				SWIFT_COMPILATION_MODE = wholemodule;
				VALIDATE_PRODUCT = YES;
			};
			name = Release;
		};
		B06ED8AF2AD2D880001C2D52 /* Debug */ = {
			isa = XCBuildConfiguration;
			buildSettings = {
				ASSETCATALOG_COMPILER_APPICON_NAME = AppIcon;
				ASSETCATALOG_COMPILER_GLOBAL_ACCENT_COLOR_NAME = AccentColor;
				CODE_SIGN_STYLE = Automatic;
				CURRENT_PROJECT_VERSION = 1;
				DEVELOPMENT_ASSET_PATHS = "\"PresentMe/Preview Content\"";
				DEVELOPMENT_TEAM = 4SHB4K3P9J;
				ENABLE_PREVIEWS = YES;
				GENERATE_INFOPLIST_FILE = YES;
				INFOPLIST_KEY_UIApplicationSceneManifest_Generation = YES;
				INFOPLIST_KEY_UIApplicationSupportsIndirectInputEvents = YES;
				INFOPLIST_KEY_UILaunchScreen_Generation = YES;
				INFOPLIST_KEY_UISupportedInterfaceOrientations_iPad = "UIInterfaceOrientationPortrait UIInterfaceOrientationPortraitUpsideDown UIInterfaceOrientationLandscapeLeft UIInterfaceOrientationLandscapeRight";
				INFOPLIST_KEY_UISupportedInterfaceOrientations_iPhone = "UIInterfaceOrientationPortrait UIInterfaceOrientationLandscapeLeft UIInterfaceOrientationLandscapeRight";
				LD_RUNPATH_SEARCH_PATHS = (
					"$(inherited)",
					"@executable_path/Frameworks",
				);
				MARKETING_VERSION = 1.0;
				PRODUCT_BUNDLE_IDENTIFIER = twqRaida.PresentMe;
				PRODUCT_NAME = "$(TARGET_NAME)";
				SWIFT_EMIT_LOC_STRINGS = YES;
				SWIFT_VERSION = 5.0;
				TARGETED_DEVICE_FAMILY = "1,2";
			};
			name = Debug;
		};
		B06ED8B02AD2D880001C2D52 /* Release */ = {
			isa = XCBuildConfiguration;
			buildSettings = {
				ASSETCATALOG_COMPILER_APPICON_NAME = AppIcon;
				ASSETCATALOG_COMPILER_GLOBAL_ACCENT_COLOR_NAME = AccentColor;
				CODE_SIGN_STYLE = Automatic;
				CURRENT_PROJECT_VERSION = 1;
				DEVELOPMENT_ASSET_PATHS = "\"PresentMe/Preview Content\"";
				DEVELOPMENT_TEAM = 4SHB4K3P9J;
				ENABLE_PREVIEWS = YES;
				GENERATE_INFOPLIST_FILE = YES;
				INFOPLIST_KEY_UIApplicationSceneManifest_Generation = YES;
				INFOPLIST_KEY_UIApplicationSupportsIndirectInputEvents = YES;
				INFOPLIST_KEY_UILaunchScreen_Generation = YES;
				INFOPLIST_KEY_UISupportedInterfaceOrientations_iPad = "UIInterfaceOrientationPortrait UIInterfaceOrientationPortraitUpsideDown UIInterfaceOrientationLandscapeLeft UIInterfaceOrientationLandscapeRight";
				INFOPLIST_KEY_UISupportedInterfaceOrientations_iPhone = "UIInterfaceOrientationPortrait UIInterfaceOrientationLandscapeLeft UIInterfaceOrientationLandscapeRight";
				LD_RUNPATH_SEARCH_PATHS = (
					"$(inherited)",
					"@executable_path/Frameworks",
				);
				MARKETING_VERSION = 1.0;
				PRODUCT_BUNDLE_IDENTIFIER = twqRaida.PresentMe;
				PRODUCT_NAME = "$(TARGET_NAME)";
				SWIFT_EMIT_LOC_STRINGS = YES;
				SWIFT_VERSION = 5.0;
				TARGETED_DEVICE_FAMILY = "1,2";
			};
			name = Release;
		};
		B06ED8B22AD2D880001C2D52 /* Debug */ = {
			isa = XCBuildConfiguration;
			buildSettings = {
				ALWAYS_EMBED_SWIFT_STANDARD_LIBRARIES = YES;
				BUNDLE_LOADER = "$(TEST_HOST)";
				CODE_SIGN_STYLE = Automatic;
				CURRENT_PROJECT_VERSION = 1;
				DEVELOPMENT_TEAM = 4SHB4K3P9J;
				GENERATE_INFOPLIST_FILE = YES;
				IPHONEOS_DEPLOYMENT_TARGET = 17.0;
				MARKETING_VERSION = 1.0;
				PRODUCT_BUNDLE_IDENTIFIER = twqRaida.PresentMeTests;
				PRODUCT_NAME = "$(TARGET_NAME)";
				SWIFT_EMIT_LOC_STRINGS = NO;
				SWIFT_VERSION = 5.0;
				TARGETED_DEVICE_FAMILY = "1,2";
				TEST_HOST = "$(BUILT_PRODUCTS_DIR)/PresentMe.app/$(BUNDLE_EXECUTABLE_FOLDER_PATH)/PresentMe";
			};
			name = Debug;
		};
		B06ED8B32AD2D880001C2D52 /* Release */ = {
			isa = XCBuildConfiguration;
			buildSettings = {
				ALWAYS_EMBED_SWIFT_STANDARD_LIBRARIES = YES;
				BUNDLE_LOADER = "$(TEST_HOST)";
				CODE_SIGN_STYLE = Automatic;
				CURRENT_PROJECT_VERSION = 1;
				DEVELOPMENT_TEAM = 4SHB4K3P9J;
				GENERATE_INFOPLIST_FILE = YES;
				IPHONEOS_DEPLOYMENT_TARGET = 17.0;
				MARKETING_VERSION = 1.0;
				PRODUCT_BUNDLE_IDENTIFIER = twqRaida.PresentMeTests;
				PRODUCT_NAME = "$(TARGET_NAME)";
				SWIFT_EMIT_LOC_STRINGS = NO;
				SWIFT_VERSION = 5.0;
				TARGETED_DEVICE_FAMILY = "1,2";
				TEST_HOST = "$(BUILT_PRODUCTS_DIR)/PresentMe.app/$(BUNDLE_EXECUTABLE_FOLDER_PATH)/PresentMe";
			};
			name = Release;
		};
		B06ED8B52AD2D880001C2D52 /* Debug */ = {
			isa = XCBuildConfiguration;
			buildSettings = {
				ALWAYS_EMBED_SWIFT_STANDARD_LIBRARIES = YES;
				CODE_SIGN_STYLE = Automatic;
				CURRENT_PROJECT_VERSION = 1;
				DEVELOPMENT_TEAM = 4SHB4K3P9J;
				GENERATE_INFOPLIST_FILE = YES;
				MARKETING_VERSION = 1.0;
				PRODUCT_BUNDLE_IDENTIFIER = twqRaida.PresentMeUITests;
				PRODUCT_NAME = "$(TARGET_NAME)";
				SWIFT_EMIT_LOC_STRINGS = NO;
				SWIFT_VERSION = 5.0;
				TARGETED_DEVICE_FAMILY = "1,2";
				TEST_TARGET_NAME = PresentMe;
			};
			name = Debug;
		};
		B06ED8B62AD2D880001C2D52 /* Release */ = {
			isa = XCBuildConfiguration;
			buildSettings = {
				ALWAYS_EMBED_SWIFT_STANDARD_LIBRARIES = YES;
				CODE_SIGN_STYLE = Automatic;
				CURRENT_PROJECT_VERSION = 1;
				DEVELOPMENT_TEAM = 4SHB4K3P9J;
				GENERATE_INFOPLIST_FILE = YES;
				MARKETING_VERSION = 1.0;
				PRODUCT_BUNDLE_IDENTIFIER = twqRaida.PresentMeUITests;
				PRODUCT_NAME = "$(TARGET_NAME)";
				SWIFT_EMIT_LOC_STRINGS = NO;
				SWIFT_VERSION = 5.0;
				TARGETED_DEVICE_FAMILY = "1,2";
				TEST_TARGET_NAME = PresentMe;
			};
			name = Release;
		};
/* End XCBuildConfiguration section */

/* Begin XCConfigurationList section */
		B06ED8852AD2D87D001C2D52 /* Build configuration list for PBXProject "PresentMe" */ = {
			isa = XCConfigurationList;
			buildConfigurations = (
				B06ED8AC2AD2D880001C2D52 /* Debug */,
				B06ED8AD2AD2D880001C2D52 /* Release */,
			);
			defaultConfigurationIsVisible = 0;
			defaultConfigurationName = Release;
		};
		B06ED8AE2AD2D880001C2D52 /* Build configuration list for PBXNativeTarget "PresentMe" */ = {
			isa = XCConfigurationList;
			buildConfigurations = (
				B06ED8AF2AD2D880001C2D52 /* Debug */,
				B06ED8B02AD2D880001C2D52 /* Release */,
			);
			defaultConfigurationIsVisible = 0;
			defaultConfigurationName = Release;
		};
		B06ED8B12AD2D880001C2D52 /* Build configuration list for PBXNativeTarget "PresentMeTests" */ = {
			isa = XCConfigurationList;
			buildConfigurations = (
				B06ED8B22AD2D880001C2D52 /* Debug */,
				B06ED8B32AD2D880001C2D52 /* Release */,
			);
			defaultConfigurationIsVisible = 0;
			defaultConfigurationName = Release;
		};
		B06ED8B42AD2D880001C2D52 /* Build configuration list for PBXNativeTarget "PresentMeUITests" */ = {
			isa = XCConfigurationList;
			buildConfigurations = (
				B06ED8B52AD2D880001C2D52 /* Debug */,
				B06ED8B62AD2D880001C2D52 /* Release */,
			);
			defaultConfigurationIsVisible = 0;
			defaultConfigurationName = Release;
		};
/* End XCConfigurationList section */
	};
	rootObject = B06ED8822AD2D87D001C2D52 /* Project object */;
}
